
Microsoft Visual Studio Solution File, Format Version 12.00
# Visual Studio Version 16
VisualStudioVersion = 16.0.31112.23
MinimumVisualStudioVersion = 10.0.40219.1
Project("{FAE04EC0-301F-11D3-BF4B-00C04F79EFBC}") = "quanlythuvien", "quanlythuvien\quanlythuvien.csproj", "{1C7CFC4E-D3A6-469D-9E9C-09F367830468}"
EndProject
Global
	GlobalSection(SolutionConfigurationPlatforms) = preSolution
		Debug|Any CPU = Debug|Any CPU
		Release|Any CPU = Release|Any CPU
	EndGlobalSection
	GlobalSection(ProjectConfigurationPlatforms) = postSolution
		{1C7CFC4E-D3A6-469D-9E9C-09F367830468}.Debug|Any CPU.ActiveCfg = Debug|Any CPU
		{1C7CFC4E-D3A6-469D-9E9C-09F367830468}.Debug|Any CPU.Build.0 = Debug|Any CPU
		{1C7CFC4E-D3A6-469D-9E9C-09F367830468}.Release|Any CPU.ActiveCfg = Release|Any CPU
		{1C7CFC4E-D3A6-469D-9E9C-09F367830468}.Release|Any CPU.Build.0 = Release|Any CPU
	EndGlobalSection
	GlobalSection(SolutionProperties) = preSolution
		HideSolutionNode = FALSE
	EndGlobalSection
	GlobalSection(ExtensibilityGlobals) = postSolution
		SolutionGuid = {AE1B5A24-6DEF-4915-AAAB-4987F5206D8F}
	EndGlobalSection
EndGlobal
